
Microsoft Visual Studio Solution File, Format Version 12.00
# Visual Studio Version 17
VisualStudioVersion = 17.7.34221.43
MinimumVisualStudioVersion = 10.0.40219.1
Project("{9A19103F-16F7-4668-BE54-9A1E7A4F7556}") = "MusicHub", "MusicHub.csproj", "{8895EEDD-E88E-4317-8C38-101A00720202}"
EndProject
Global
	GlobalSection(SolutionConfigurationPlatforms) = preSolution
		Debug|Any CPU = Debug|Any CPU
		Release|Any CPU = Release|Any CPU
	EndGlobalSection
	GlobalSection(ProjectConfigurationPlatforms) = postSolution
		{8895EEDD-E88E-4317-8C38-101A00720202}.Debug|Any CPU.ActiveCfg = Debug|Any CPU
		{8895EEDD-E88E-4317-8C38-101A00720202}.Debug|Any CPU.Build.0 = Debug|Any CPU
		{8895EEDD-E88E-4317-8C38-101A00720202}.Release|Any CPU.ActiveCfg = Release|Any CPU
		{8895EEDD-E88E-4317-8C38-101A00720202}.Release|Any CPU.Build.0 = Release|Any CPU
	EndGlobalSection
	GlobalSection(SolutionProperties) = preSolution
		HideSolutionNode = FALSE
	EndGlobalSection
	GlobalSection(ExtensibilityGlobals) = postSolution
		SolutionGuid = {0B2E8F14-88B9-4A43-A357-492DE2AA0825}
	EndGlobalSection
EndGlobal
